// !$*UTF8*$!
{
	archiveVersion = 1;
	classes = {
	};
	objectVersion = 46;
	objects = {

/* Begin PBXBuildFile section */
		9B61A00D1E4AD30300514DC8 /* main.m in Sources */ = {isa = PBXBuildFile; fileRef = 9B61A00C1E4AD30300514DC8 /* main.m */; };
		9B61A0101E4AD30300514DC8 /* AppDelegate.m in Sources */ = {isa = PBXBuildFile; fileRef = 9B61A00F1E4AD30300514DC8 /* AppDelegate.m */; };
		9B61A0131E4AD30300514DC8 /* Client Existing List Controller.m in Sources */ = {isa = PBXBuildFile; fileRef = 9B61A0121E4AD30300514DC8 /* Client Existing List Controller.m */; };
		9B61A0161E4AD30300514DC8 /* Main.storyboard in Resources */ = {isa = PBXBuildFile; fileRef = 9B61A0141E4AD30300514DC8 /* Main.storyboard */; };
		9B61A0191E4AD30300514DC8 /* IApply_Prototype.xcdatamodeld in Sources */ = {isa = PBXBuildFile; fileRef = 9B61A0171E4AD30300514DC8 /* IApply_Prototype.xcdatamodeld */; };
		9B61A01B1E4AD30300514DC8 /* Assets.xcassets in Resources */ = {isa = PBXBuildFile; fileRef = 9B61A01A1E4AD30300514DC8 /* Assets.xcassets */; };
		9B61A01E1E4AD30300514DC8 /* LaunchScreen.storyboard in Resources */ = {isa = PBXBuildFile; fileRef = 9B61A01C1E4AD30300514DC8 /* LaunchScreen.storyboard */; };
		9B61A0291E4AD30300514DC8 /* IApply_PrototypeTests.m in Sources */ = {isa = PBXBuildFile; fileRef = 9B61A0281E4AD30300514DC8 /* IApply_PrototypeTests.m */; };
		9B61A0341E4AD30300514DC8 /* IApply_PrototypeUITests.m in Sources */ = {isa = PBXBuildFile; fileRef = 9B61A0331E4AD30300514DC8 /* IApply_PrototypeUITests.m */; };
		9B61A08A1E4B13BD00514DC8 /* Landing Controller.m in Sources */ = {isa = PBXBuildFile; fileRef = 9B61A0891E4B13BD00514DC8 /* Landing Controller.m */; };
		9B61A08B1E4B13BD00514DC8 /* Landing Controller.m in Sources */ = {isa = PBXBuildFile; fileRef = 9B61A0891E4B13BD00514DC8 /* Landing Controller.m */; };
		9B61A08C1E4B13BD00514DC8 /* Landing Controller.m in Sources */ = {isa = PBXBuildFile; fileRef = 9B61A0891E4B13BD00514DC8 /* Landing Controller.m */; };
		9BD20FB01E4C604900DA43B5 /* Travel Helper Function Controller.m in Sources */ = {isa = PBXBuildFile; fileRef = 9BD20FAF1E4C604900DA43B5 /* Travel Helper Function Controller.m */; };
		9BD20FB11E4C604900DA43B5 /* Travel Helper Function Controller.m in Sources */ = {isa = PBXBuildFile; fileRef = 9BD20FAF1E4C604900DA43B5 /* Travel Helper Function Controller.m */; };
		9BD20FB21E4C604900DA43B5 /* Travel Helper Function Controller.m in Sources */ = {isa = PBXBuildFile; fileRef = 9BD20FAF1E4C604900DA43B5 /* Travel Helper Function Controller.m */; };
		9BD20FBC1E4C712700DA43B5 /* String Constant.m in Sources */ = {isa = PBXBuildFile; fileRef = 9BD20FBB1E4C712700DA43B5 /* String Constant.m */; };
		9BD20FBD1E4C712700DA43B5 /* String Constant.m in Sources */ = {isa = PBXBuildFile; fileRef = 9BD20FBB1E4C712700DA43B5 /* String Constant.m */; };
		9BD20FBE1E4C712700DA43B5 /* String Constant.m in Sources */ = {isa = PBXBuildFile; fileRef = 9BD20FBB1E4C712700DA43B5 /* String Constant.m */; };
/* End PBXBuildFile section */

/* Begin PBXContainerItemProxy section */
		9B61A0251E4AD30300514DC8 /* PBXContainerItemProxy */ = {
			isa = PBXContainerItemProxy;
			containerPortal = 9B61A0001E4AD30300514DC8 /* Project object */;
			proxyType = 1;
			remoteGlobalIDString = 9B61A0071E4AD30300514DC8;
			remoteInfo = "IApply-Prototype";
		};
		9B61A0301E4AD30300514DC8 /* PBXContainerItemProxy */ = {
			isa = PBXContainerItemProxy;
			containerPortal = 9B61A0001E4AD30300514DC8 /* Project object */;
			proxyType = 1;
			remoteGlobalIDString = 9B61A0071E4AD30300514DC8;
			remoteInfo = "IApply-Prototype";
		};
/* End PBXContainerItemProxy section */

/* Begin PBXFileReference section */
		9B61A0081E4AD30300514DC8 /* IApply-Prototype.app */ = {isa = PBXFileReference; explicitFileType = wrapper.application; includeInIndex = 0; path = "IApply-Prototype.app"; sourceTree = BUILT_PRODUCTS_DIR; };
		9B61A00C1E4AD30300514DC8 /* main.m */ = {isa = PBXFileReference; lastKnownFileType = sourcecode.c.objc; path = main.m; sourceTree = "<group>"; };
		9B61A00E1E4AD30300514DC8 /* AppDelegate.h */ = {isa = PBXFileReference; lastKnownFileType = sourcecode.c.h; path = AppDelegate.h; sourceTree = "<group>"; };
		9B61A00F1E4AD30300514DC8 /* AppDelegate.m */ = {isa = PBXFileReference; lastKnownFileType = sourcecode.c.objc; path = AppDelegate.m; sourceTree = "<group>"; };
		9B61A0111E4AD30300514DC8 /* Client Existing List Controller.h */ = {isa = PBXFileReference; lastKnownFileType = sourcecode.c.h; path = "Client Existing List Controller.h"; sourceTree = "<group>"; };
		9B61A0121E4AD30300514DC8 /* Client Existing List Controller.m */ = {isa = PBXFileReference; lastKnownFileType = sourcecode.c.objc; path = "Client Existing List Controller.m"; sourceTree = "<group>"; };
		9B61A0151E4AD30300514DC8 /* Base */ = {isa = PBXFileReference; lastKnownFileType = file.storyboard; name = Base; path = Base.lproj/Main.storyboard; sourceTree = "<group>"; };
		9B61A0181E4AD30300514DC8 /* IApply_Prototype.xcdatamodel */ = {isa = PBXFileReference; lastKnownFileType = wrapper.xcdatamodel; path = IApply_Prototype.xcdatamodel; sourceTree = "<group>"; };
		9B61A01A1E4AD30300514DC8 /* Assets.xcassets */ = {isa = PBXFileReference; lastKnownFileType = folder.assetcatalog; path = Assets.xcassets; sourceTree = "<group>"; };
		9B61A01D1E4AD30300514DC8 /* Base */ = {isa = PBXFileReference; lastKnownFileType = file.storyboard; name = Base; path = Base.lproj/LaunchScreen.storyboard; sourceTree = "<group>"; };
		9B61A01F1E4AD30300514DC8 /* Info.plist */ = {isa = PBXFileReference; lastKnownFileType = text.plist.xml; path = Info.plist; sourceTree = "<group>"; };
		9B61A0241E4AD30300514DC8 /* IApply-PrototypeTests.xctest */ = {isa = PBXFileReference; explicitFileType = wrapper.cfbundle; includeInIndex = 0; path = "IApply-PrototypeTests.xctest"; sourceTree = BUILT_PRODUCTS_DIR; };
		9B61A0281E4AD30300514DC8 /* IApply_PrototypeTests.m */ = {isa = PBXFileReference; lastKnownFileType = sourcecode.c.objc; path = IApply_PrototypeTests.m; sourceTree = "<group>"; };
		9B61A02A1E4AD30300514DC8 /* Info.plist */ = {isa = PBXFileReference; lastKnownFileType = text.plist.xml; path = Info.plist; sourceTree = "<group>"; };
		9B61A02F1E4AD30300514DC8 /* IApply-PrototypeUITests.xctest */ = {isa = PBXFileReference; explicitFileType = wrapper.cfbundle; includeInIndex = 0; path = "IApply-PrototypeUITests.xctest"; sourceTree = BUILT_PRODUCTS_DIR; };
		9B61A0331E4AD30300514DC8 /* IApply_PrototypeUITests.m */ = {isa = PBXFileReference; lastKnownFileType = sourcecode.c.objc; path = IApply_PrototypeUITests.m; sourceTree = "<group>"; };
		9B61A0351E4AD30300514DC8 /* Info.plist */ = {isa = PBXFileReference; lastKnownFileType = text.plist.xml; path = Info.plist; sourceTree = "<group>"; };
		9B61A0881E4B13BD00514DC8 /* Landing Controller.h */ = {isa = PBXFileReference; fileEncoding = 4; lastKnownFileType = sourcecode.c.h; path = "Landing Controller.h"; sourceTree = "<group>"; };
		9B61A0891E4B13BD00514DC8 /* Landing Controller.m */ = {isa = PBXFileReference; fileEncoding = 4; lastKnownFileType = sourcecode.c.objc; path = "Landing Controller.m"; sourceTree = "<group>"; };
		9BD20FAE1E4C604900DA43B5 /* Travel Helper Function Controller.h */ = {isa = PBXFileReference; fileEncoding = 4; lastKnownFileType = sourcecode.c.h; path = "Travel Helper Function Controller.h"; sourceTree = "<group>"; };
		9BD20FAF1E4C604900DA43B5 /* Travel Helper Function Controller.m */ = {isa = PBXFileReference; fileEncoding = 4; lastKnownFileType = sourcecode.c.objc; path = "Travel Helper Function Controller.m"; sourceTree = "<group>"; };
		9BD20FBA1E4C712600DA43B5 /* String Constant.h */ = {isa = PBXFileReference; fileEncoding = 4; lastKnownFileType = sourcecode.c.h; path = "String Constant.h"; sourceTree = "<group>"; };
		9BD20FBB1E4C712700DA43B5 /* String Constant.m */ = {isa = PBXFileReference; fileEncoding = 4; lastKnownFileType = sourcecode.c.objc; path = "String Constant.m"; sourceTree = "<group>"; };
/* End PBXFileReference section */

/* Begin PBXFrameworksBuildPhase section */
		9B61A0051E4AD30300514DC8 /* Frameworks */ = {
			isa = PBXFrameworksBuildPhase;
			buildActionMask = 2147483647;
			files = (
			);
			runOnlyForDeploymentPostprocessing = 0;
		};
		9B61A0211E4AD30300514DC8 /* Frameworks */ = {
			isa = PBXFrameworksBuildPhase;
			buildActionMask = 2147483647;
			files = (
			);
			runOnlyForDeploymentPostprocessing = 0;
		};
		9B61A02C1E4AD30300514DC8 /* Frameworks */ = {
			isa = PBXFrameworksBuildPhase;
			buildActionMask = 2147483647;
			files = (
			);
			runOnlyForDeploymentPostprocessing = 0;
		};
/* End PBXFrameworksBuildPhase section */

/* Begin PBXGroup section */
		9B619FFF1E4AD30300514DC8 = {
			isa = PBXGroup;
			children = (
				9B61A00A1E4AD30300514DC8 /* IApply-Prototype */,
				9B61A0271E4AD30300514DC8 /* IApply-PrototypeTests */,
				9B61A0321E4AD30300514DC8 /* IApply-PrototypeUITests */,
				9B61A0091E4AD30300514DC8 /* Products */,
			);
			sourceTree = "<group>";
		};
		9B61A0091E4AD30300514DC8 /* Products */ = {
			isa = PBXGroup;
			children = (
				9B61A0081E4AD30300514DC8 /* IApply-Prototype.app */,
				9B61A0241E4AD30300514DC8 /* IApply-PrototypeTests.xctest */,
				9B61A02F1E4AD30300514DC8 /* IApply-PrototypeUITests.xctest */,
			);
			name = Products;
			sourceTree = "<group>";
		};
		9B61A00A1E4AD30300514DC8 /* IApply-Prototype */ = {
			isa = PBXGroup;
			children = (
				9B61A00E1E4AD30300514DC8 /* AppDelegate.h */,
				9B61A00F1E4AD30300514DC8 /* AppDelegate.m */,
				9BD20FB91E4C70DC00DA43B5 /* Variable */,
				9BD20FB31E4C604C00DA43B5 /* Function */,
				9B61A0871E4AD6FB00514DC8 /* Controller */,
				9BD20FB41E4C605A00DA43B5 /* View */,
				9BD20FB61E4C607300DA43B5 /* Asset */,
				9B61A01F1E4AD30300514DC8 /* Info.plist */,
				9BD20FB81E4C608C00DA43B5 /* Database */,
				9B61A00B1E4AD30300514DC8 /* Supporting Files */,
			);
			path = "IApply-Prototype";
			sourceTree = "<group>";
		};
		9B61A00B1E4AD30300514DC8 /* Supporting Files */ = {
			isa = PBXGroup;
			children = (
				9B61A00C1E4AD30300514DC8 /* main.m */,
			);
			name = "Supporting Files";
			sourceTree = "<group>";
		};
		9B61A0271E4AD30300514DC8 /* IApply-PrototypeTests */ = {
			isa = PBXGroup;
			children = (
				9B61A0281E4AD30300514DC8 /* IApply_PrototypeTests.m */,
				9B61A02A1E4AD30300514DC8 /* Info.plist */,
			);
			path = "IApply-PrototypeTests";
			sourceTree = "<group>";
		};
		9B61A0321E4AD30300514DC8 /* IApply-PrototypeUITests */ = {
			isa = PBXGroup;
			children = (
				9B61A0331E4AD30300514DC8 /* IApply_PrototypeUITests.m */,
				9B61A0351E4AD30300514DC8 /* Info.plist */,
			);
			path = "IApply-PrototypeUITests";
			sourceTree = "<group>";
		};
		9B61A0871E4AD6FB00514DC8 /* Controller */ = {
			isa = PBXGroup;
			children = (
				9B61A0881E4B13BD00514DC8 /* Landing Controller.h */,
				9B61A0891E4B13BD00514DC8 /* Landing Controller.m */,
				9B61A0111E4AD30300514DC8 /* Client Existing List Controller.h */,
				9B61A0121E4AD30300514DC8 /* Client Existing List Controller.m */,
			);
			name = Controller;
			sourceTree = "<group>";
		};
		9BD20FB31E4C604C00DA43B5 /* Function */ = {
			isa = PBXGroup;
			children = (
				9BD20FAE1E4C604900DA43B5 /* Travel Helper Function Controller.h */,
				9BD20FAF1E4C604900DA43B5 /* Travel Helper Function Controller.m */,
			);
			name = Function;
			sourceTree = "<group>";
		};
		9BD20FB41E4C605A00DA43B5 /* View */ = {
			isa = PBXGroup;
			children = (
				9B61A0141E4AD30300514DC8 /* Main.storyboard */,
				9B61A01C1E4AD30300514DC8 /* LaunchScreen.storyboard */,
			);
			name = View;
			sourceTree = "<group>";
		};
		9BD20FB61E4C607300DA43B5 /* Asset */ = {
			isa = PBXGroup;
			children = (
				9B61A01A1E4AD30300514DC8 /* Assets.xcassets */,
			);
			name = Asset;
			sourceTree = "<group>";
		};
		9BD20FB81E4C608C00DA43B5 /* Database */ = {
			isa = PBXGroup;
			children = (
				9B61A0171E4AD30300514DC8 /* IApply_Prototype.xcdatamodeld */,
			);
			name = Database;
			sourceTree = "<group>";
		};
		9BD20FB91E4C70DC00DA43B5 /* Variable */ = {
			isa = PBXGroup;
			children = (
				9BD20FBF1E4C712B00DA43B5 /* Constant */,
			);
			name = Variable;
			sourceTree = "<group>";
		};
		9BD20FBF1E4C712B00DA43B5 /* Constant */ = {
			isa = PBXGroup;
			children = (
				9BD20FBA1E4C712600DA43B5 /* String Constant.h */,
				9BD20FBB1E4C712700DA43B5 /* String Constant.m */,
			);
			name = Constant;
			sourceTree = "<group>";
		};
/* End PBXGroup section */

/* Begin PBXNativeTarget section */
		9B61A0071E4AD30300514DC8 /* IApply-Prototype */ = {
			isa = PBXNativeTarget;
			buildConfigurationList = 9B61A0381E4AD30300514DC8 /* Build configuration list for PBXNativeTarget "IApply-Prototype" */;
			buildPhases = (
				9B61A0041E4AD30300514DC8 /* Sources */,
				9B61A0051E4AD30300514DC8 /* Frameworks */,
				9B61A0061E4AD30300514DC8 /* Resources */,
			);
			buildRules = (
			);
			dependencies = (
			);
			name = "IApply-Prototype";
			productName = "IApply-Prototype";
			productReference = 9B61A0081E4AD30300514DC8 /* IApply-Prototype.app */;
			productType = "com.apple.product-type.application";
		};
		9B61A0231E4AD30300514DC8 /* IApply-PrototypeTests */ = {
			isa = PBXNativeTarget;
			buildConfigurationList = 9B61A03B1E4AD30300514DC8 /* Build configuration list for PBXNativeTarget "IApply-PrototypeTests" */;
			buildPhases = (
				9B61A0201E4AD30300514DC8 /* Sources */,
				9B61A0211E4AD30300514DC8 /* Frameworks */,
				9B61A0221E4AD30300514DC8 /* Resources */,
			);
			buildRules = (
			);
			dependencies = (
				9B61A0261E4AD30300514DC8 /* PBXTargetDependency */,
			);
			name = "IApply-PrototypeTests";
			productName = "IApply-PrototypeTests";
			productReference = 9B61A0241E4AD30300514DC8 /* IApply-PrototypeTests.xctest */;
			productType = "com.apple.product-type.bundle.unit-test";
		};
		9B61A02E1E4AD30300514DC8 /* IApply-PrototypeUITests */ = {
			isa = PBXNativeTarget;
			buildConfigurationList = 9B61A03E1E4AD30300514DC8 /* Build configuration list for PBXNativeTarget "IApply-PrototypeUITests" */;
			buildPhases = (
				9B61A02B1E4AD30300514DC8 /* Sources */,
				9B61A02C1E4AD30300514DC8 /* Frameworks */,
				9B61A02D1E4AD30300514DC8 /* Resources */,
			);
			buildRules = (
			);
			dependencies = (
				9B61A0311E4AD30300514DC8 /* PBXTargetDependency */,
			);
			name = "IApply-PrototypeUITests";
			productName = "IApply-PrototypeUITests";
			productReference = 9B61A02F1E4AD30300514DC8 /* IApply-PrototypeUITests.xctest */;
			productType = "com.apple.product-type.bundle.ui-testing";
		};
/* End PBXNativeTarget section */

/* Begin PBXProject section */
		9B61A0001E4AD30300514DC8 /* Project object */ = {
			isa = PBXProject;
			attributes = {
				LastUpgradeCheck = 0820;
				ORGANIZATIONNAME = "Ibrahim Aziz Tejokusumo";
				TargetAttributes = {
					9B61A0071E4AD30300514DC8 = {
						CreatedOnToolsVersion = 8.2.1;
						DevelopmentTeam = 2YT8E2D9X6;
						ProvisioningStyle = Automatic;
					};
					9B61A0231E4AD30300514DC8 = {
						CreatedOnToolsVersion = 8.2.1;
						DevelopmentTeam = Q4NY74HXM4;
						ProvisioningStyle = Automatic;
						TestTargetID = 9B61A0071E4AD30300514DC8;
					};
					9B61A02E1E4AD30300514DC8 = {
						CreatedOnToolsVersion = 8.2.1;
						DevelopmentTeam = Q4NY74HXM4;
						ProvisioningStyle = Automatic;
						TestTargetID = 9B61A0071E4AD30300514DC8;
					};
				};
			};
			buildConfigurationList = 9B61A0031E4AD30300514DC8 /* Build configuration list for PBXProject "IApply-Prototype" */;
			compatibilityVersion = "Xcode 3.2";
			developmentRegion = English;
			hasScannedForEncodings = 0;
			knownRegions = (
				en,
				Base,
			);
			mainGroup = 9B619FFF1E4AD30300514DC8;
			productRefGroup = 9B61A0091E4AD30300514DC8 /* Products */;
			projectDirPath = "";
			projectRoot = "";
			targets = (
				9B61A0071E4AD30300514DC8 /* IApply-Prototype */,
				9B61A0231E4AD30300514DC8 /* IApply-PrototypeTests */,
				9B61A02E1E4AD30300514DC8 /* IApply-PrototypeUITests */,
			);
		};
/* End PBXProject section */

/* Begin PBXResourcesBuildPhase section */
		9B61A0061E4AD30300514DC8 /* Resources */ = {
			isa = PBXResourcesBuildPhase;
			buildActionMask = 2147483647;
			files = (
				9B61A01E1E4AD30300514DC8 /* LaunchScreen.storyboard in Resources */,
				9B61A01B1E4AD30300514DC8 /* Assets.xcassets in Resources */,
				9B61A0161E4AD30300514DC8 /* Main.storyboard in Resources */,
			);
			runOnlyForDeploymentPostprocessing = 0;
		};
		9B61A0221E4AD30300514DC8 /* Resources */ = {
			isa = PBXResourcesBuildPhase;
			buildActionMask = 2147483647;
			files = (
			);
			runOnlyForDeploymentPostprocessing = 0;
		};
		9B61A02D1E4AD30300514DC8 /* Resources */ = {
			isa = PBXResourcesBuildPhase;
			buildActionMask = 2147483647;
			files = (
			);
			runOnlyForDeploymentPostprocessing = 0;
		};
/* End PBXResourcesBuildPhase section */

/* Begin PBXSourcesBuildPhase section */
		9B61A0041E4AD30300514DC8 /* Sources */ = {
			isa = PBXSourcesBuildPhase;
			buildActionMask = 2147483647;
			files = (
				9B61A0131E4AD30300514DC8 /* Client Existing List Controller.m in Sources */,
				9B61A0191E4AD30300514DC8 /* IApply_Prototype.xcdatamodeld in Sources */,
				9B61A08A1E4B13BD00514DC8 /* Landing Controller.m in Sources */,
				9BD20FBC1E4C712700DA43B5 /* String Constant.m in Sources */,
				9B61A0101E4AD30300514DC8 /* AppDelegate.m in Sources */,
				9BD20FB01E4C604900DA43B5 /* Travel Helper Function Controller.m in Sources */,
				9B61A00D1E4AD30300514DC8 /* main.m in Sources */,
			);
			runOnlyForDeploymentPostprocessing = 0;
		};
		9B61A0201E4AD30300514DC8 /* Sources */ = {
			isa = PBXSourcesBuildPhase;
			buildActionMask = 2147483647;
			files = (
				9B61A08B1E4B13BD00514DC8 /* Landing Controller.m in Sources */,
				9BD20FBD1E4C712700DA43B5 /* String Constant.m in Sources */,
				9BD20FB11E4C604900DA43B5 /* Travel Helper Function Controller.m in Sources */,
				9B61A0291E4AD30300514DC8 /* IApply_PrototypeTests.m in Sources */,
			);
			runOnlyForDeploymentPostprocessing = 0;
		};
		9B61A02B1E4AD30300514DC8 /* Sources */ = {
			isa = PBXSourcesBuildPhase;
			buildActionMask = 2147483647;
			files = (
				9B61A08C1E4B13BD00514DC8 /* Landing Controller.m in Sources */,
				9BD20FBE1E4C712700DA43B5 /* String Constant.m in Sources */,
				9BD20FB21E4C604900DA43B5 /* Travel Helper Function Controller.m in Sources */,
				9B61A0341E4AD30300514DC8 /* IApply_PrototypeUITests.m in Sources */,
			);
			runOnlyForDeploymentPostprocessing = 0;
		};
/* End PBXSourcesBuildPhase section */

/* Begin PBXTargetDependency section */
		9B61A0261E4AD30300514DC8 /* PBXTargetDependency */ = {
			isa = PBXTargetDependency;
			target = 9B61A0071E4AD30300514DC8 /* IApply-Prototype */;
			targetProxy = 9B61A0251E4AD30300514DC8 /* PBXContainerItemProxy */;
		};
		9B61A0311E4AD30300514DC8 /* PBXTargetDependency */ = {
			isa = PBXTargetDependency;
			target = 9B61A0071E4AD30300514DC8 /* IApply-Prototype */;
			targetProxy = 9B61A0301E4AD30300514DC8 /* PBXContainerItemProxy */;
		};
/* End PBXTargetDependency section */

/* Begin PBXVariantGroup section */
		9B61A0141E4AD30300514DC8 /* Main.storyboard */ = {
			isa = PBXVariantGroup;
			children = (
				9B61A0151E4AD30300514DC8 /* Base */,
			);
			name = Main.storyboard;
			sourceTree = "<group>";
		};
		9B61A01C1E4AD30300514DC8 /* LaunchScreen.storyboard */ = {
			isa = PBXVariantGroup;
			children = (
				9B61A01D1E4AD30300514DC8 /* Base */,
			);
			name = LaunchScreen.storyboard;
			sourceTree = "<group>";
		};
/* End PBXVariantGroup section */

/* Begin XCBuildConfiguration section */
		9B61A0361E4AD30300514DC8 /* Debug */ = {
			isa = XCBuildConfiguration;
			buildSettings = {
				ALWAYS_SEARCH_USER_PATHS = NO;
				CLANG_ANALYZER_NONNULL = YES;
				CLANG_CXX_LANGUAGE_STANDARD = "gnu++0x";
				CLANG_CXX_LIBRARY = "libc++";
				CLANG_ENABLE_MODULES = YES;
				CLANG_ENABLE_OBJC_ARC = YES;
				CLANG_WARN_BOOL_CONVERSION = YES;
				CLANG_WARN_CONSTANT_CONVERSION = YES;
				CLANG_WARN_DIRECT_OBJC_ISA_USAGE = YES_ERROR;
				CLANG_WARN_DOCUMENTATION_COMMENTS = YES;
				CLANG_WARN_EMPTY_BODY = YES;
				CLANG_WARN_ENUM_CONVERSION = YES;
				CLANG_WARN_INFINITE_RECURSION = YES;
				CLANG_WARN_INT_CONVERSION = YES;
				CLANG_WARN_OBJC_ROOT_CLASS = YES_ERROR;
				CLANG_WARN_SUSPICIOUS_MOVE = YES;
				CLANG_WARN_UNREACHABLE_CODE = YES;
				CLANG_WARN__DUPLICATE_METHOD_MATCH = YES;
				"CODE_SIGN_IDENTITY[sdk=iphoneos*]" = "iPhone Developer";
				COPY_PHASE_STRIP = NO;
				DEBUG_INFORMATION_FORMAT = dwarf;
				ENABLE_STRICT_OBJC_MSGSEND = YES;
				ENABLE_TESTABILITY = YES;
				GCC_C_LANGUAGE_STANDARD = gnu99;
				GCC_DYNAMIC_NO_PIC = NO;
				GCC_NO_COMMON_BLOCKS = YES;
				GCC_OPTIMIZATION_LEVEL = 0;
				GCC_PREPROCESSOR_DEFINITIONS = (
					"DEBUG=1",
					"$(inherited)",
				);
				GCC_WARN_64_TO_32_BIT_CONVERSION = YES;
				GCC_WARN_ABOUT_RETURN_TYPE = YES_ERROR;
				GCC_WARN_UNDECLARED_SELECTOR = YES;
				GCC_WARN_UNINITIALIZED_AUTOS = YES_AGGRESSIVE;
				GCC_WARN_UNUSED_FUNCTION = YES;
				GCC_WARN_UNUSED_VARIABLE = YES;
				IPHONEOS_DEPLOYMENT_TARGET = 8.0;
				MTL_ENABLE_DEBUG_INFO = YES;
				ONLY_ACTIVE_ARCH = YES;
				SDKROOT = iphoneos;
				TARGETED_DEVICE_FAMILY = "1,2";
			};
			name = Debug;
		};
		9B61A0371E4AD30300514DC8 /* Release */ = {
			isa = XCBuildConfiguration;
			buildSettings = {
				ALWAYS_SEARCH_USER_PATHS = NO;
				CLANG_ANALYZER_NONNULL = YES;
				CLANG_CXX_LANGUAGE_STANDARD = "gnu++0x";
				CLANG_CXX_LIBRARY = "libc++";
				CLANG_ENABLE_MODULES = YES;
				CLANG_ENABLE_OBJC_ARC = YES;
				CLANG_WARN_BOOL_CONVERSION = YES;
				CLANG_WARN_CONSTANT_CONVERSION = YES;
				CLANG_WARN_DIRECT_OBJC_ISA_USAGE = YES_ERROR;
				CLANG_WARN_DOCUMENTATION_COMMENTS = YES;
				CLANG_WARN_EMPTY_BODY = YES;
				CLANG_WARN_ENUM_CONVERSION = YES;
				CLANG_WARN_INFINITE_RECURSION = YES;
				CLANG_WARN_INT_CONVERSION = YES;
				CLANG_WARN_OBJC_ROOT_CLASS = YES_ERROR;
				CLANG_WARN_SUSPICIOUS_MOVE = YES;
				CLANG_WARN_UNREACHABLE_CODE = YES;
				CLANG_WARN__DUPLICATE_METHOD_MATCH = YES;
				"CODE_SIGN_IDENTITY[sdk=iphoneos*]" = "iPhone Developer";
				COPY_PHASE_STRIP = NO;
				DEBUG_INFORMATION_FORMAT = "dwarf-with-dsym";
				ENABLE_NS_ASSERTIONS = NO;
				ENABLE_STRICT_OBJC_MSGSEND = YES;
				GCC_C_LANGUAGE_STANDARD = gnu99;
				GCC_NO_COMMON_BLOCKS = YES;
				GCC_WARN_64_TO_32_BIT_CONVERSION = YES;
				GCC_WARN_ABOUT_RETURN_TYPE = YES_ERROR;
				GCC_WARN_UNDECLARED_SELECTOR = YES;
				GCC_WARN_UNINITIALIZED_AUTOS = YES_AGGRESSIVE;
				GCC_WARN_UNUSED_FUNCTION = YES;
				GCC_WARN_UNUSED_VARIABLE = YES;
				IPHONEOS_DEPLOYMENT_TARGET = 8.0;
				MTL_ENABLE_DEBUG_INFO = NO;
				SDKROOT = iphoneos;
				TARGETED_DEVICE_FAMILY = "1,2";
				VALIDATE_PRODUCT = YES;
			};
			name = Release;
		};
		9B61A0391E4AD30300514DC8 /* Debug */ = {
			isa = XCBuildConfiguration;
			buildSettings = {
				ASSETCATALOG_COMPILER_APPICON_NAME = AppIcon;
				DEVELOPMENT_TEAM = 2YT8E2D9X6;
				INFOPLIST_FILE = "IApply-Prototype/Info.plist";
				IPHONEOS_DEPLOYMENT_TARGET = 9.0;
				LD_RUNPATH_SEARCH_PATHS = "$(inherited) @executable_path/Frameworks";
				PRODUCT_BUNDLE_IDENTIFIER = "com.InfoConnect.IApply-Prototype";
				PRODUCT_NAME = "$(TARGET_NAME)";
			};
			name = Debug;
		};
		9B61A03A1E4AD30300514DC8 /* Release */ = {
			isa = XCBuildConfiguration;
			buildSettings = {
				ASSETCATALOG_COMPILER_APPICON_NAME = AppIcon;
				DEVELOPMENT_TEAM = 2YT8E2D9X6;
				INFOPLIST_FILE = "IApply-Prototype/Info.plist";
				IPHONEOS_DEPLOYMENT_TARGET = 9.0;
				LD_RUNPATH_SEARCH_PATHS = "$(inherited) @executable_path/Frameworks";
				PRODUCT_BUNDLE_IDENTIFIER = "com.InfoConnect.IApply-Prototype";
				PRODUCT_NAME = "$(TARGET_NAME)";
			};
			name = Release;
		};
		9B61A03C1E4AD30300514DC8 /* Debug */ = {
			isa = XCBuildConfiguration;
			buildSettings = {
				BUNDLE_LOADER = "$(TEST_HOST)";
				DEVELOPMENT_TEAM = Q4NY74HXM4;
				INFOPLIST_FILE = "IApply-PrototypeTests/Info.plist";
				LD_RUNPATH_SEARCH_PATHS = "$(inherited) @executable_path/Frameworks @loader_path/Frameworks";
				PRODUCT_BUNDLE_IDENTIFIER = "InfoConnect.IApply-PrototypeTests";
				PRODUCT_NAME = "$(TARGET_NAME)";
				TEST_HOST = "$(BUILT_PRODUCTS_DIR)/IApply-Prototype.app/IApply-Prototype";
			};
			name = Debug;
		};
		9B61A03D1E4AD30300514DC8 /* Release */ = {
			isa = XCBuildConfiguration;
			buildSettings = {
				BUNDLE_LOADER = "$(TEST_HOST)";
				DEVELOPMENT_TEAM = Q4NY74HXM4;
				INFOPLIST_FILE = "IApply-PrototypeTests/Info.plist";
				LD_RUNPATH_SEARCH_PATHS = "$(inherited) @executable_path/Frameworks @loader_path/Frameworks";
				PRODUCT_BUNDLE_IDENTIFIER = "InfoConnect.IApply-PrototypeTests";
				PRODUCT_NAME = "$(TARGET_NAME)";
				TEST_HOST = "$(BUILT_PRODUCTS_DIR)/IApply-Prototype.app/IApply-Prototype";
			};
			name = Release;
		};
		9B61A03F1E4AD30300514DC8 /* Debug */ = {
			isa = XCBuildConfiguration;
			buildSettings = {
				DEVELOPMENT_TEAM = Q4NY74HXM4;
				INFOPLIST_FILE = "IApply-PrototypeUITests/Info.plist";
				LD_RUNPATH_SEARCH_PATHS = "$(inherited) @executable_path/Frameworks @loader_path/Frameworks";
				PRODUCT_BUNDLE_IDENTIFIER = "InfoConnect.IApply-PrototypeUITests";
				PRODUCT_NAME = "$(TARGET_NAME)";
				TEST_TARGET_NAME = "IApply-Prototype";
			};
			name = Debug;
		};
		9B61A0401E4AD30300514DC8 /* Release */ = {
			isa = XCBuildConfiguration;
			buildSettings = {
				DEVELOPMENT_TEAM = Q4NY74HXM4;
				INFOPLIST_FILE = "IApply-PrototypeUITests/Info.plist";
				LD_RUNPATH_SEARCH_PATHS = "$(inherited) @executable_path/Frameworks @loader_path/Frameworks";
				PRODUCT_BUNDLE_IDENTIFIER = "InfoConnect.IApply-PrototypeUITests";
				PRODUCT_NAME = "$(TARGET_NAME)";
				TEST_TARGET_NAME = "IApply-Prototype";
			};
			name = Release;
		};
/* End XCBuildConfiguration section */

/* Begin XCConfigurationList section */
		9B61A0031E4AD30300514DC8 /* Build configuration list for PBXProject "IApply-Prototype" */ = {
			isa = XCConfigurationList;
			buildConfigurations = (
				9B61A0361E4AD30300514DC8 /* Debug */,
				9B61A0371E4AD30300514DC8 /* Release */,
			);
			defaultConfigurationIsVisible = 0;
			defaultConfigurationName = Release;
		};
		9B61A0381E4AD30300514DC8 /* Build configuration list for PBXNativeTarget "IApply-Prototype" */ = {
			isa = XCConfigurationList;
			buildConfigurations = (
				9B61A0391E4AD30300514DC8 /* Debug */,
				9B61A03A1E4AD30300514DC8 /* Release */,
			);
			defaultConfigurationIsVisible = 0;
			defaultConfigurationName = Release;
		};
		9B61A03B1E4AD30300514DC8 /* Build configuration list for PBXNativeTarget "IApply-PrototypeTests" */ = {
			isa = XCConfigurationList;
			buildConfigurations = (
				9B61A03C1E4AD30300514DC8 /* Debug */,
				9B61A03D1E4AD30300514DC8 /* Release */,
			);
			defaultConfigurationIsVisible = 0;
			defaultConfigurationName = Release;
		};
		9B61A03E1E4AD30300514DC8 /* Build configuration list for PBXNativeTarget "IApply-PrototypeUITests" */ = {
			isa = XCConfigurationList;
			buildConfigurations = (
				9B61A03F1E4AD30300514DC8 /* Debug */,
				9B61A0401E4AD30300514DC8 /* Release */,
			);
			defaultConfigurationIsVisible = 0;
			defaultConfigurationName = Release;
		};
/* End XCConfigurationList section */

/* Begin XCVersionGroup section */
		9B61A0171E4AD30300514DC8 /* IApply_Prototype.xcdatamodeld */ = {
			isa = XCVersionGroup;
			children = (
				9B61A0181E4AD30300514DC8 /* IApply_Prototype.xcdatamodel */,
			);
			currentVersion = 9B61A0181E4AD30300514DC8 /* IApply_Prototype.xcdatamodel */;
			path = IApply_Prototype.xcdatamodeld;
			sourceTree = "<group>";
			versionGroupType = wrapper.xcdatamodel;
		};
/* End XCVersionGroup section */
	};
	rootObject = 9B61A0001E4AD30300514DC8 /* Project object */;
}
